
Microsoft Visual Studio Solution File, Format Version 12.00
# Visual Studio 16
Project("{FAE04EC0-301F-11D3-BF4B-00C04F79EFBC}") = "Assembly-CSharp", "Assembly-CSharp.csproj", "{16FA3932-1A4C-2D7C-A76B-9F96C019432E}"
EndProject
Project("{FAE04EC0-301F-11D3-BF4B-00C04F79EFBC}") = "Assembly-CSharp-Editor", "Assembly-CSharp-Editor.csproj", "{F834511B-93D5-7408-DA82-71F43DB15191}"
EndProject
Global
	GlobalSection(SolutionConfigurationPlatforms) = preSolution
		Debug|Any CPU = Debug|Any CPU
		Release|Any CPU = Release|Any CPU
	EndGlobalSection
	GlobalSection(ProjectConfigurationPlatforms) = postSolution
		{16FA3932-1A4C-2D7C-A76B-9F96C019432E}.Debug|Any CPU.ActiveCfg = Debug|Any CPU
		{16FA3932-1A4C-2D7C-A76B-9F96C019432E}.Debug|Any CPU.Build.0 = Debug|Any CPU
		{16FA3932-1A4C-2D7C-A76B-9F96C019432E}.Release|Any CPU.ActiveCfg = Release|Any CPU
		{16FA3932-1A4C-2D7C-A76B-9F96C019432E}.Release|Any CPU.Build.0 = Release|Any CPU
		{F834511B-93D5-7408-DA82-71F43DB15191}.Debug|Any CPU.ActiveCfg = Debug|Any CPU
		{F834511B-93D5-7408-DA82-71F43DB15191}.Debug|Any CPU.Build.0 = Debug|Any CPU
		{F834511B-93D5-7408-DA82-71F43DB15191}.Release|Any CPU.ActiveCfg = Release|Any CPU
		{F834511B-93D5-7408-DA82-71F43DB15191}.Release|Any CPU.Build.0 = Release|Any CPU
	EndGlobalSection
	GlobalSection(SolutionProperties) = preSolution
		HideSolutionNode = FALSE
	EndGlobalSection
EndGlobal
